<?xml version="1.0" encoding="utf-8"?>
<Project ToolsVersion="4.0" xmlns="http://schemas.microsoft.com/developer/msbuild/2003">
  <ItemGroup>
    <Filter Include="Source Files">
      <UniqueIdentifier>{4FC737F1-C7A5-4376-A066-2A32D752A2FF}</UniqueIdentifier>
      <Extensions>cpp;c;cc;cxx;def;odl;idl;hpj;bat;asm;asmx</Extensions>
    </Filter>
    <Filter Include="Header Files">
      <UniqueIdentifier>{93995380-89BD-4b04-88EB-625FBE52EBFB}</UniqueIdentifier>
      <Extensions>h;hpp;hxx;hm;inl;inc;xsd</Extensions>
    </Filter>
    <Filter Include="Resource Files">
      <UniqueIdentifier>{67DA6AB6-F800-4c08-8B7A-83BB121AAD01}</UniqueIdentifier>
      <Extensions>rc;ico;cur;bmp;dlg;rc2;rct;bin;rgs;gif;jpg;jpeg;jpe;resx;tiff;tif;png;wav;mfcribbon-ms</Extensions>
    </Filter>
    <Filter Include="doc">
      <UniqueIdentifier>{052dcda6-3156-4ec5-ba8a-c5b2240b924f}</UniqueIdentifier>
    </Filter>
    <Filter Include="Example Input">
      <UniqueIdentifier>{b8fec7a0-2ff5-4fea-b12a-9ce9a09422f6}</UniqueIdentifier>
    </Filter>
  </ItemGroup>
  <ItemGroup>
    <ClCompile Include="main.cpp">
      <Filter>Source Files</Filter>
    </ClCompile>
    <ClCompile Include="sparsematrix.cpp">
      <Filter>Source Files</Filter>
    </ClCompile>
  </ItemGroup>
  <ItemGroup>
    <None Include="proje4.doc">
      <Filter>doc</Filter>
    </None>
    <None Include="project4.pdf">
      <Filter>doc</Filter>
    </None>
    <None Include="proje4update.doc">
      <Filter>doc</Filter>
    </None>
    <None Include="input2.txt">
      <Filter>Example Input</Filter>
    </None>
    <None Include="input1.txt">
      <Filter>Example Input</Filter>
    </None>
  </ItemGroup>
  <ItemGroup>
    <ClInclude Include="sparsematrix.h">
      <Filter>Header Files</Filter>
    </ClInclude>
  </ItemGroup>
</Project>