<?xml version="1.0" encoding="utf-8"?>
<Project ToolsVersion="4.0" xmlns="http://schemas.microsoft.com/developer/msbuild/2003">
  <ItemGroup>
    <Filter Include="Source Files">
      <UniqueIdentifier>{4FC737F1-C7A5-4376-A066-2A32D752A2FF}</UniqueIdentifier>
      <Extensions>cpp;c;cc;cxx;def;odl;idl;hpj;bat;asm;asmx</Extensions>
    </Filter>
    <Filter Include="Header Files">
      <UniqueIdentifier>{93995380-89BD-4b04-88EB-625FBE52EBFB}</UniqueIdentifier>
      <Extensions>h;hpp;hxx;hm;inl;inc;xsd</Extensions>
    </Filter>
    <Filter Include="Resource Files">
      <UniqueIdentifier>{67DA6AB6-F800-4c08-8B7A-83BB121AAD01}</UniqueIdentifier>
      <Extensions>rc;ico;cur;bmp;dlg;rc2;rct;bin;rgs;gif;jpg;jpeg;jpe;resx;tiff;tif;png;wav;mfcribbon-ms</Extensions>
    </Filter>
    <Filter Include="doc">
      <UniqueIdentifier>{2d8e7104-438f-49e6-8562-2f88980de273}</UniqueIdentifier>
    </Filter>
    <Filter Include="Example Input">
      <UniqueIdentifier>{9e725851-871c-4dce-83aa-98a4e950db00}</UniqueIdentifier>
    </Filter>
  </ItemGroup>
  <ItemGroup>
    <None Include="project5.pdf">
      <Filter>doc</Filter>
    </None>
    <None Include="Project 5 update.doc">
      <Filter>doc</Filter>
    </None>
    <None Include="Project 5.doc">
      <Filter>doc</Filter>
    </None>
    <None Include="project5 can do.doc">
      <Filter>doc</Filter>
    </None>
    <None Include="Family3.txt">
      <Filter>Example Input</Filter>
    </None>
  </ItemGroup>
  <ItemGroup>
    <ClCompile Include="main.cpp">
      <Filter>Source Files</Filter>
    </ClCompile>
    <ClCompile Include="myclasses.cpp">
      <Filter>Source Files</Filter>
    </ClCompile>
  </ItemGroup>
  <ItemGroup>
    <ClInclude Include="myclasses.h">
      <Filter>Header Files</Filter>
    </ClInclude>
  </ItemGroup>
</Project>